// !$*UTF8*$!
{
	archiveVersion = 1;
	classes = {
	};
	objectVersion = 46;
	objects = {

/* Begin PBXBuildFile section */
		A8523D6325C80D69D01FF8EF /* Pods_Stitched_App.framework in Frameworks */ = {isa = PBXBuildFile; fileRef = 5F0C3E887556B93BE7724E91 /* Pods_Stitched_App.framework */; };
		F3039E6E1E2CA3ED006A6BD9 /* User.swift in Sources */ = {isa = PBXBuildFile; fileRef = F3039E6D1E2CA3ED006A6BD9 /* User.swift */; };
		F3039E711E2CCF44006A6BD9 /* ProfileViewController.swift in Sources */ = {isa = PBXBuildFile; fileRef = F3039E701E2CCF44006A6BD9 /* ProfileViewController.swift */; };
		F30BBC461E2C1B5E000A807F /* Home.storyboard in Resources */ = {isa = PBXBuildFile; fileRef = F30BBC441E2C1B5E000A807F /* Home.storyboard */; };
		F30BBC481E2C1B8B000A807F /* HomeViewController.swift in Sources */ = {isa = PBXBuildFile; fileRef = F30BBC471E2C1B8B000A807F /* HomeViewController.swift */; };
		F30BBC4B1E2C1C6D000A807F /* Post.storyboard in Resources */ = {isa = PBXBuildFile; fileRef = F30BBC491E2C1C6D000A807F /* Post.storyboard */; };
		F30BBC4E1E2C1C85000A807F /* Feed.storyboard in Resources */ = {isa = PBXBuildFile; fileRef = F30BBC4C1E2C1C85000A807F /* Feed.storyboard */; };
		F30BBC511E2C1CAE000A807F /* Communicate.storyboard in Resources */ = {isa = PBXBuildFile; fileRef = F30BBC4F1E2C1CAE000A807F /* Communicate.storyboard */; };
		F30BBC541E2C1CBB000A807F /* Profile.storyboard in Resources */ = {isa = PBXBuildFile; fileRef = F30BBC521E2C1CBB000A807F /* Profile.storyboard */; };
		F30BBC571E2C2321000A807F /* ClientTabViewController.swift in Sources */ = {isa = PBXBuildFile; fileRef = F30BBC561E2C2321000A807F /* ClientTabViewController.swift */; };
		F30BBC591E2C2344000A807F /* VendorTabViewController.swift in Sources */ = {isa = PBXBuildFile; fileRef = F30BBC581E2C2344000A807F /* VendorTabViewController.swift */; };
		F30BBC5B1E2C2827000A807F /* GoogleService-Info.plist in Resources */ = {isa = PBXBuildFile; fileRef = F30BBC5A1E2C2827000A807F /* GoogleService-Info.plist */; };
		F34732501E2E9C2E007EA9DE /* HomeColletionHeaderCell.swift in Sources */ = {isa = PBXBuildFile; fileRef = F347324F1E2E9C2E007EA9DE /* HomeColletionHeaderCell.swift */; };
		F34732521E2E9C56007EA9DE /* HomeCollectionPostCell.swift in Sources */ = {isa = PBXBuildFile; fileRef = F34732511E2E9C56007EA9DE /* HomeCollectionPostCell.swift */; };
		F34732541E2EA02E007EA9DE /* PostJobPriceCell.swift in Sources */ = {isa = PBXBuildFile; fileRef = F34732531E2EA02E007EA9DE /* PostJobPriceCell.swift */; };
		F34732561E2EA683007EA9DE /* HomeViewModel.swift in Sources */ = {isa = PBXBuildFile; fileRef = F34732551E2EA683007EA9DE /* HomeViewModel.swift */; };
		F34732591E2EE518007EA9DE /* FeedViewController.swift in Sources */ = {isa = PBXBuildFile; fileRef = F34732581E2EE518007EA9DE /* FeedViewController.swift */; };
		F347325D1E2EEFF4007EA9DE /* FeedViewModel.swift in Sources */ = {isa = PBXBuildFile; fileRef = F347325C1E2EEFF4007EA9DE /* FeedViewModel.swift */; };
		F34732601E2EF69A007EA9DE /* JobDetail.storyboard in Resources */ = {isa = PBXBuildFile; fileRef = F347325E1E2EF69A007EA9DE /* JobDetail.storyboard */; };
		F34732631E2EF79B007EA9DE /* JobDetailViewController.swift in Sources */ = {isa = PBXBuildFile; fileRef = F34732621E2EF79B007EA9DE /* JobDetailViewController.swift */; };
		F34732651E2EFE6E007EA9DE /* DetailJobIDCell.swift in Sources */ = {isa = PBXBuildFile; fileRef = F34732641E2EFE6E007EA9DE /* DetailJobIDCell.swift */; };
		F34732671E2EFE97007EA9DE /* DetailJobTitleCell.swift in Sources */ = {isa = PBXBuildFile; fileRef = F34732661E2EFE97007EA9DE /* DetailJobTitleCell.swift */; };
		F34732691E2EFECE007EA9DE /* DetailJobDescriptionCell.swift in Sources */ = {isa = PBXBuildFile; fileRef = F34732681E2EFECE007EA9DE /* DetailJobDescriptionCell.swift */; };
		F347326B1E2EFEF4007EA9DE /* DetailJobInfoCell.swift in Sources */ = {isa = PBXBuildFile; fileRef = F347326A1E2EFEF4007EA9DE /* DetailJobInfoCell.swift */; };
		F347326D1E2EFF14007EA9DE /* DetailJobAttachCell.swift in Sources */ = {isa = PBXBuildFile; fileRef = F347326C1E2EFF14007EA9DE /* DetailJobAttachCell.swift */; };
		F347326F1E2F1023007EA9DE /* DetailJobBidCell.swift in Sources */ = {isa = PBXBuildFile; fileRef = F347326E1E2F1023007EA9DE /* DetailJobBidCell.swift */; };
		F34732751E2FFC76007EA9DE /* JobDetailViewModel.swift in Sources */ = {isa = PBXBuildFile; fileRef = F34732741E2FFC76007EA9DE /* JobDetailViewModel.swift */; };
		F34732771E2FFC97007EA9DE /* FeedTableViewCell.swift in Sources */ = {isa = PBXBuildFile; fileRef = F34732761E2FFC97007EA9DE /* FeedTableViewCell.swift */; };
		F347327D1E301901007EA9DE /* DetailJobBidderCell.swift in Sources */ = {isa = PBXBuildFile; fileRef = F347327C1E301901007EA9DE /* DetailJobBidderCell.swift */; };
		F347327F1E30318F007EA9DE /* NavProfileViewController.swift in Sources */ = {isa = PBXBuildFile; fileRef = F347327E1E30318F007EA9DE /* NavProfileViewController.swift */; };
		F34732821E303482007EA9DE /* Chat.storyboard in Resources */ = {isa = PBXBuildFile; fileRef = F34732801E303482007EA9DE /* Chat.storyboard */; };
		F34732851E30362A007EA9DE /* ChatViewController.swift in Sources */ = {isa = PBXBuildFile; fileRef = F34732841E30362A007EA9DE /* ChatViewController.swift */; };
		F34732871E3037F5007EA9DE /* ChatViewModel.swift in Sources */ = {isa = PBXBuildFile; fileRef = F34732861E3037F5007EA9DE /* ChatViewModel.swift */; };
		F347328A1E30569C007EA9DE /* CommunityViewController.swift in Sources */ = {isa = PBXBuildFile; fileRef = F34732891E30569C007EA9DE /* CommunityViewController.swift */; };
		F347328C1E3057DA007EA9DE /* CommunityViewModel.swift in Sources */ = {isa = PBXBuildFile; fileRef = F347328B1E3057DA007EA9DE /* CommunityViewModel.swift */; };
		F347328E1E305BD4007EA9DE /* CommunityTableViewCell.swift in Sources */ = {isa = PBXBuildFile; fileRef = F347328D1E305BD4007EA9DE /* CommunityTableViewCell.swift */; };
		F3554CA11E2D843C0077A780 /* PostViewController.swift in Sources */ = {isa = PBXBuildFile; fileRef = F3554CA01E2D843C0077A780 /* PostViewController.swift */; };
		F3554CA41E2D846F0077A780 /* PostViewModel.swift in Sources */ = {isa = PBXBuildFile; fileRef = F3554CA31E2D846F0077A780 /* PostViewModel.swift */; };
		F3554CA61E2D897F0077A780 /* PostJobTitleCell.swift in Sources */ = {isa = PBXBuildFile; fileRef = F3554CA51E2D897F0077A780 /* PostJobTitleCell.swift */; };
		F3554CA81E2D8B0C0077A780 /* PostJobDescriptionCell.swift in Sources */ = {isa = PBXBuildFile; fileRef = F3554CA71E2D8B0C0077A780 /* PostJobDescriptionCell.swift */; };
		F3554CAA1E2DA0850077A780 /* PostJobCategoryCell.swift in Sources */ = {isa = PBXBuildFile; fileRef = F3554CA91E2DA0850077A780 /* PostJobCategoryCell.swift */; };
		F3554CAC1E2DA0A50077A780 /* PostJobDeliveryTimeCell.swift in Sources */ = {isa = PBXBuildFile; fileRef = F3554CAB1E2DA0A50077A780 /* PostJobDeliveryTimeCell.swift */; };
		F3554CAE1E2DA0C70077A780 /* PostJobAttachCell.swift in Sources */ = {isa = PBXBuildFile; fileRef = F3554CAD1E2DA0C70077A780 /* PostJobAttachCell.swift */; };
		F3554CB01E2DA9190077A780 /* Utils.swift in Sources */ = {isa = PBXBuildFile; fileRef = F3554CAF1E2DA9190077A780 /* Utils.swift */; };
		F3928A131E2C33B200CC6D38 /* Reference.swift in Sources */ = {isa = PBXBuildFile; fileRef = F3928A121E2C33B200CC6D38 /* Reference.swift */; };
		F3A6EF1F1E2B44C100A24473 /* AppDelegate.swift in Sources */ = {isa = PBXBuildFile; fileRef = F3A6EF1E1E2B44C100A24473 /* AppDelegate.swift */; };
		F3A6EF241E2B44C100A24473 /* Main.storyboard in Resources */ = {isa = PBXBuildFile; fileRef = F3A6EF221E2B44C100A24473 /* Main.storyboard */; };
		F3A6EF261E2B44C100A24473 /* Assets.xcassets in Resources */ = {isa = PBXBuildFile; fileRef = F3A6EF251E2B44C100A24473 /* Assets.xcassets */; };
		F3A6EF291E2B44C100A24473 /* LaunchScreen.storyboard in Resources */ = {isa = PBXBuildFile; fileRef = F3A6EF271E2B44C100A24473 /* LaunchScreen.storyboard */; };
		F3A6EF3D1E2B6BCD00A24473 /* LoginViewController.swift in Sources */ = {isa = PBXBuildFile; fileRef = F3A6EF3A1E2B6BCD00A24473 /* LoginViewController.swift */; };
		F3A6EF3E1E2B6BCD00A24473 /* NavLoginViewController.swift in Sources */ = {isa = PBXBuildFile; fileRef = F3A6EF3B1E2B6BCD00A24473 /* NavLoginViewController.swift */; };
		F3A6EF3F1E2B6BCD00A24473 /* SignupViewController.swift in Sources */ = {isa = PBXBuildFile; fileRef = F3A6EF3C1E2B6BCD00A24473 /* SignupViewController.swift */; };
		F3A6EF431E2B6E6A00A24473 /* BorderLineButton.swift in Sources */ = {isa = PBXBuildFile; fileRef = F3A6EF421E2B6E6A00A24473 /* BorderLineButton.swift */; };
		F3A6EF461E2B708A00A24473 /* ProfileTextField.swift in Sources */ = {isa = PBXBuildFile; fileRef = F3A6EF451E2B708A00A24473 /* ProfileTextField.swift */; };
/* End PBXBuildFile section */

/* Begin PBXFileReference section */
		5F0C3E887556B93BE7724E91 /* Pods_Stitched_App.framework */ = {isa = PBXFileReference; explicitFileType = wrapper.framework; includeInIndex = 0; path = Pods_Stitched_App.framework; sourceTree = BUILT_PRODUCTS_DIR; };
		A251CD2C50D6FEB50EAC2BFE /* Pods-Stitched App.debug.xcconfig */ = {isa = PBXFileReference; includeInIndex = 1; lastKnownFileType = text.xcconfig; name = "Pods-Stitched App.debug.xcconfig"; path = "Pods/Target Support Files/Pods-Stitched App/Pods-Stitched App.debug.xcconfig"; sourceTree = "<group>"; };
		C18BA26D8597533CCB21870E /* Pods-Stitched App.release.xcconfig */ = {isa = PBXFileReference; includeInIndex = 1; lastKnownFileType = text.xcconfig; name = "Pods-Stitched App.release.xcconfig"; path = "Pods/Target Support Files/Pods-Stitched App/Pods-Stitched App.release.xcconfig"; sourceTree = "<group>"; };
		F3039E6D1E2CA3ED006A6BD9 /* User.swift */ = {isa = PBXFileReference; fileEncoding = 4; lastKnownFileType = sourcecode.swift; name = User.swift; path = Backend/User.swift; sourceTree = "<group>"; };
		F3039E701E2CCF44006A6BD9 /* ProfileViewController.swift */ = {isa = PBXFileReference; fileEncoding = 4; lastKnownFileType = sourcecode.swift; name = ProfileViewController.swift; path = ViewControllers/Profile/ProfileViewController.swift; sourceTree = "<group>"; };
		F30BBC451E2C1B5E000A807F /* Base */ = {isa = PBXFileReference; lastKnownFileType = file.storyboard; name = Base; path = Base.lproj/Home.storyboard; sourceTree = "<group>"; };
		F30BBC471E2C1B8B000A807F /* HomeViewController.swift */ = {isa = PBXFileReference; fileEncoding = 4; lastKnownFileType = sourcecode.swift; name = HomeViewController.swift; path = ViewControllers/Home/HomeViewController.swift; sourceTree = "<group>"; };
		F30BBC4A1E2C1C6D000A807F /* Base */ = {isa = PBXFileReference; lastKnownFileType = file.storyboard; name = Base; path = Base.lproj/Post.storyboard; sourceTree = "<group>"; };
		F30BBC4D1E2C1C85000A807F /* Base */ = {isa = PBXFileReference; lastKnownFileType = file.storyboard; name = Base; path = Base.lproj/Feed.storyboard; sourceTree = "<group>"; };
		F30BBC501E2C1CAE000A807F /* Base */ = {isa = PBXFileReference; lastKnownFileType = file.storyboard; name = Base; path = Base.lproj/Communicate.storyboard; sourceTree = "<group>"; };
		F30BBC531E2C1CBB000A807F /* Base */ = {isa = PBXFileReference; lastKnownFileType = file.storyboard; name = Base; path = Base.lproj/Profile.storyboard; sourceTree = "<group>"; };
		F30BBC561E2C2321000A807F /* ClientTabViewController.swift */ = {isa = PBXFileReference; fileEncoding = 4; lastKnownFileType = sourcecode.swift; name = ClientTabViewController.swift; path = ViewControllers/MainTab/ClientTabViewController.swift; sourceTree = "<group>"; };
		F30BBC581E2C2344000A807F /* VendorTabViewController.swift */ = {isa = PBXFileReference; fileEncoding = 4; lastKnownFileType = sourcecode.swift; name = VendorTabViewController.swift; path = ViewControllers/MainTab/VendorTabViewController.swift; sourceTree = "<group>"; };
		F30BBC5A1E2C2827000A807F /* GoogleService-Info.plist */ = {isa = PBXFileReference; fileEncoding = 4; lastKnownFileType = text.plist.xml; path = "GoogleService-Info.plist"; sourceTree = "<group>"; };
		F347324F1E2E9C2E007EA9DE /* HomeColletionHeaderCell.swift */ = {isa = PBXFileReference; fileEncoding = 4; lastKnownFileType = sourcecode.swift; name = HomeColletionHeaderCell.swift; path = ViewControllers/Home/HomeColletionHeaderCell.swift; sourceTree = "<group>"; };
		F34732511E2E9C56007EA9DE /* HomeCollectionPostCell.swift */ = {isa = PBXFileReference; fileEncoding = 4; lastKnownFileType = sourcecode.swift; name = HomeCollectionPostCell.swift; path = ViewControllers/Home/HomeCollectionPostCell.swift; sourceTree = "<group>"; };
		F34732531E2EA02E007EA9DE /* PostJobPriceCell.swift */ = {isa = PBXFileReference; fileEncoding = 4; lastKnownFileType = sourcecode.swift; name = PostJobPriceCell.swift; path = ViewControllers/Post/PostJobPriceCell.swift; sourceTree = "<group>"; };
		F34732551E2EA683007EA9DE /* HomeViewModel.swift */ = {isa = PBXFileReference; fileEncoding = 4; lastKnownFileType = sourcecode.swift; name = HomeViewModel.swift; path = ViewModels/HomeViewModel.swift; sourceTree = "<group>"; };
		F34732581E2EE518007EA9DE /* FeedViewController.swift */ = {isa = PBXFileReference; fileEncoding = 4; lastKnownFileType = sourcecode.swift; name = FeedViewController.swift; path = ViewControllers/Feed/FeedViewController.swift; sourceTree = "<group>"; };
		F347325C1E2EEFF4007EA9DE /* FeedViewModel.swift */ = {isa = PBXFileReference; fileEncoding = 4; lastKnownFileType = sourcecode.swift; name = FeedViewModel.swift; path = ViewModels/FeedViewModel.swift; sourceTree = "<group>"; };
		F347325F1E2EF69A007EA9DE /* Base */ = {isa = PBXFileReference; lastKnownFileType = file.storyboard; name = Base; path = Base.lproj/JobDetail.storyboard; sourceTree = "<group>"; };
		F34732621E2EF79B007EA9DE /* JobDetailViewController.swift */ = {isa = PBXFileReference; fileEncoding = 4; lastKnownFileType = sourcecode.swift; name = JobDetailViewController.swift; path = ViewControllers/JobDetail/JobDetailViewController.swift; sourceTree = "<group>"; };
		F34732641E2EFE6E007EA9DE /* DetailJobIDCell.swift */ = {isa = PBXFileReference; fileEncoding = 4; lastKnownFileType = sourcecode.swift; name = DetailJobIDCell.swift; path = ViewControllers/JobDetail/DetailJobIDCell.swift; sourceTree = "<group>"; };
		F34732661E2EFE97007EA9DE /* DetailJobTitleCell.swift */ = {isa = PBXFileReference; fileEncoding = 4; lastKnownFileType = sourcecode.swift; name = DetailJobTitleCell.swift; path = ViewControllers/JobDetail/DetailJobTitleCell.swift; sourceTree = "<group>"; };
		F34732681E2EFECE007EA9DE /* DetailJobDescriptionCell.swift */ = {isa = PBXFileReference; fileEncoding = 4; lastKnownFileType = sourcecode.swift; name = DetailJobDescriptionCell.swift; path = ViewControllers/JobDetail/DetailJobDescriptionCell.swift; sourceTree = "<group>"; };
		F347326A1E2EFEF4007EA9DE /* DetailJobInfoCell.swift */ = {isa = PBXFileReference; fileEncoding = 4; lastKnownFileType = sourcecode.swift; name = DetailJobInfoCell.swift; path = ViewControllers/JobDetail/DetailJobInfoCell.swift; sourceTree = "<group>"; };
		F347326C1E2EFF14007EA9DE /* DetailJobAttachCell.swift */ = {isa = PBXFileReference; fileEncoding = 4; lastKnownFileType = sourcecode.swift; name = DetailJobAttachCell.swift; path = ViewControllers/JobDetail/DetailJobAttachCell.swift; sourceTree = "<group>"; };
		F347326E1E2F1023007EA9DE /* DetailJobBidCell.swift */ = {isa = PBXFileReference; fileEncoding = 4; lastKnownFileType = sourcecode.swift; name = DetailJobBidCell.swift; path = ViewControllers/JobDetail/DetailJobBidCell.swift; sourceTree = "<group>"; };
		F34732741E2FFC76007EA9DE /* JobDetailViewModel.swift */ = {isa = PBXFileReference; fileEncoding = 4; lastKnownFileType = sourcecode.swift; name = JobDetailViewModel.swift; path = ViewModels/JobDetailViewModel.swift; sourceTree = "<group>"; };
		F34732761E2FFC97007EA9DE /* FeedTableViewCell.swift */ = {isa = PBXFileReference; fileEncoding = 4; lastKnownFileType = sourcecode.swift; name = FeedTableViewCell.swift; path = ViewControllers/Feed/FeedTableViewCell.swift; sourceTree = "<group>"; };
		F347327C1E301901007EA9DE /* DetailJobBidderCell.swift */ = {isa = PBXFileReference; fileEncoding = 4; lastKnownFileType = sourcecode.swift; name = DetailJobBidderCell.swift; path = ViewControllers/JobDetail/DetailJobBidderCell.swift; sourceTree = "<group>"; };
		F347327E1E30318F007EA9DE /* NavProfileViewController.swift */ = {isa = PBXFileReference; fileEncoding = 4; lastKnownFileType = sourcecode.swift; name = NavProfileViewController.swift; path = ViewControllers/Profile/NavProfileViewController.swift; sourceTree = "<group>"; };
		F34732811E303482007EA9DE /* Base */ = {isa = PBXFileReference; lastKnownFileType = file.storyboard; name = Base; path = Base.lproj/Chat.storyboard; sourceTree = "<group>"; };
		F34732841E30362A007EA9DE /* ChatViewController.swift */ = {isa = PBXFileReference; fileEncoding = 4; lastKnownFileType = sourcecode.swift; name = ChatViewController.swift; path = ViewControllers/Chat/ChatViewController.swift; sourceTree = "<group>"; };
		F34732861E3037F5007EA9DE /* ChatViewModel.swift */ = {isa = PBXFileReference; fileEncoding = 4; lastKnownFileType = sourcecode.swift; name = ChatViewModel.swift; path = ViewModels/ChatViewModel.swift; sourceTree = "<group>"; };
		F34732891E30569C007EA9DE /* CommunityViewController.swift */ = {isa = PBXFileReference; fileEncoding = 4; lastKnownFileType = sourcecode.swift; name = CommunityViewController.swift; path = ViewControllers/Community/CommunityViewController.swift; sourceTree = "<group>"; };
		F347328B1E3057DA007EA9DE /* CommunityViewModel.swift */ = {isa = PBXFileReference; fileEncoding = 4; lastKnownFileType = sourcecode.swift; name = CommunityViewModel.swift; path = ViewModels/CommunityViewModel.swift; sourceTree = "<group>"; };
		F347328D1E305BD4007EA9DE /* CommunityTableViewCell.swift */ = {isa = PBXFileReference; fileEncoding = 4; lastKnownFileType = sourcecode.swift; name = CommunityTableViewCell.swift; path = ViewControllers/Community/CommunityTableViewCell.swift; sourceTree = "<group>"; };
		F3554CA01E2D843C0077A780 /* PostViewController.swift */ = {isa = PBXFileReference; fileEncoding = 4; lastKnownFileType = sourcecode.swift; name = PostViewController.swift; path = ViewControllers/Post/PostViewController.swift; sourceTree = "<group>"; };
		F3554CA31E2D846F0077A780 /* PostViewModel.swift */ = {isa = PBXFileReference; fileEncoding = 4; lastKnownFileType = sourcecode.swift; name = PostViewModel.swift; path = ViewModels/PostViewModel.swift; sourceTree = "<group>"; };
		F3554CA51E2D897F0077A780 /* PostJobTitleCell.swift */ = {isa = PBXFileReference; fileEncoding = 4; lastKnownFileType = sourcecode.swift; name = PostJobTitleCell.swift; path = ViewControllers/Post/PostJobTitleCell.swift; sourceTree = "<group>"; };
		F3554CA71E2D8B0C0077A780 /* PostJobDescriptionCell.swift */ = {isa = PBXFileReference; fileEncoding = 4; lastKnownFileType = sourcecode.swift; name = PostJobDescriptionCell.swift; path = ViewControllers/Post/PostJobDescriptionCell.swift; sourceTree = "<group>"; };
		F3554CA91E2DA0850077A780 /* PostJobCategoryCell.swift */ = {isa = PBXFileReference; fileEncoding = 4; lastKnownFileType = sourcecode.swift; name = PostJobCategoryCell.swift; path = ViewControllers/Post/PostJobCategoryCell.swift; sourceTree = "<group>"; };
		F3554CAB1E2DA0A50077A780 /* PostJobDeliveryTimeCell.swift */ = {isa = PBXFileReference; fileEncoding = 4; lastKnownFileType = sourcecode.swift; name = PostJobDeliveryTimeCell.swift; path = ViewControllers/Post/PostJobDeliveryTimeCell.swift; sourceTree = "<group>"; };
		F3554CAD1E2DA0C70077A780 /* PostJobAttachCell.swift */ = {isa = PBXFileReference; fileEncoding = 4; lastKnownFileType = sourcecode.swift; name = PostJobAttachCell.swift; path = ViewControllers/Post/PostJobAttachCell.swift; sourceTree = "<group>"; };
		F3554CAF1E2DA9190077A780 /* Utils.swift */ = {isa = PBXFileReference; fileEncoding = 4; lastKnownFileType = sourcecode.swift; name = Utils.swift; path = Backend/Utils.swift; sourceTree = "<group>"; };
		F3928A121E2C33B200CC6D38 /* Reference.swift */ = {isa = PBXFileReference; fileEncoding = 4; lastKnownFileType = sourcecode.swift; name = Reference.swift; path = Backend/Reference.swift; sourceTree = "<group>"; };
		F3A6EF1B1E2B44C100A24473 /* Stitched App.app */ = {isa = PBXFileReference; explicitFileType = wrapper.application; includeInIndex = 0; path = "Stitched App.app"; sourceTree = BUILT_PRODUCTS_DIR; };
		F3A6EF1E1E2B44C100A24473 /* AppDelegate.swift */ = {isa = PBXFileReference; lastKnownFileType = sourcecode.swift; path = AppDelegate.swift; sourceTree = "<group>"; };
		F3A6EF231E2B44C100A24473 /* Base */ = {isa = PBXFileReference; lastKnownFileType = file.storyboard; name = Base; path = Base.lproj/Main.storyboard; sourceTree = "<group>"; };
		F3A6EF251E2B44C100A24473 /* Assets.xcassets */ = {isa = PBXFileReference; lastKnownFileType = folder.assetcatalog; path = Assets.xcassets; sourceTree = "<group>"; };
		F3A6EF281E2B44C100A24473 /* Base */ = {isa = PBXFileReference; lastKnownFileType = file.storyboard; name = Base; path = Base.lproj/LaunchScreen.storyboard; sourceTree = "<group>"; };
		F3A6EF2A1E2B44C100A24473 /* Info.plist */ = {isa = PBXFileReference; lastKnownFileType = text.plist.xml; path = Info.plist; sourceTree = "<group>"; };
		F3A6EF3A1E2B6BCD00A24473 /* LoginViewController.swift */ = {isa = PBXFileReference; fileEncoding = 4; lastKnownFileType = sourcecode.swift; name = LoginViewController.swift; path = ViewControllers/LoginSignup/LoginViewController.swift; sourceTree = "<group>"; };
		F3A6EF3B1E2B6BCD00A24473 /* NavLoginViewController.swift */ = {isa = PBXFileReference; fileEncoding = 4; lastKnownFileType = sourcecode.swift; name = NavLoginViewController.swift; path = ViewControllers/LoginSignup/NavLoginViewController.swift; sourceTree = "<group>"; };
		F3A6EF3C1E2B6BCD00A24473 /* SignupViewController.swift */ = {isa = PBXFileReference; fileEncoding = 4; lastKnownFileType = sourcecode.swift; name = SignupViewController.swift; path = ViewControllers/LoginSignup/SignupViewController.swift; sourceTree = "<group>"; };
		F3A6EF421E2B6E6A00A24473 /* BorderLineButton.swift */ = {isa = PBXFileReference; fileEncoding = 4; lastKnownFileType = sourcecode.swift; name = BorderLineButton.swift; path = UICustomize/BorderLineButton.swift; sourceTree = "<group>"; };
		F3A6EF451E2B708A00A24473 /* ProfileTextField.swift */ = {isa = PBXFileReference; fileEncoding = 4; lastKnownFileType = sourcecode.swift; name = ProfileTextField.swift; path = UICustomize/ProfileTextField.swift; sourceTree = "<group>"; };
/* End PBXFileReference section */

/* Begin PBXFrameworksBuildPhase section */
		F3A6EF181E2B44C100A24473 /* Frameworks */ = {
			isa = PBXFrameworksBuildPhase;
			buildActionMask = 2147483647;
			files = (
				A8523D6325C80D69D01FF8EF /* Pods_Stitched_App.framework in Frameworks */,
			);
			runOnlyForDeploymentPostprocessing = 0;
		};
/* End PBXFrameworksBuildPhase section */

/* Begin PBXGroup section */
		16C60B587B871A8158895576 /* Pods */ = {
			isa = PBXGroup;
			children = (
				A251CD2C50D6FEB50EAC2BFE /* Pods-Stitched App.debug.xcconfig */,
				C18BA26D8597533CCB21870E /* Pods-Stitched App.release.xcconfig */,
			);
			name = Pods;
			sourceTree = "<group>";
		};
		544DAA736954640B0348F439 /* Frameworks */ = {
			isa = PBXGroup;
			children = (
				5F0C3E887556B93BE7724E91 /* Pods_Stitched_App.framework */,
			);
			name = Frameworks;
			sourceTree = "<group>";
		};
		F3039E6F1E2CCF1F006A6BD9 /* Profile */ = {
			isa = PBXGroup;
			children = (
				F347327E1E30318F007EA9DE /* NavProfileViewController.swift */,
				F3039E701E2CCF44006A6BD9 /* ProfileViewController.swift */,
			);
			name = Profile;
			sourceTree = "<group>";
		};
		F30BBC431E2C1B27000A807F /* Home */ = {
			isa = PBXGroup;
			children = (
				F30BBC471E2C1B8B000A807F /* HomeViewController.swift */,
				F347324F1E2E9C2E007EA9DE /* HomeColletionHeaderCell.swift */,
				F34732511E2E9C56007EA9DE /* HomeCollectionPostCell.swift */,
			);
			name = Home;
			sourceTree = "<group>";
		};
		F30BBC551E2C22EC000A807F /* MainTab */ = {
			isa = PBXGroup;
			children = (
				F30BBC561E2C2321000A807F /* ClientTabViewController.swift */,
				F30BBC581E2C2344000A807F /* VendorTabViewController.swift */,
			);
			name = MainTab;
			sourceTree = "<group>";
		};
		F30BBC5C1E2C28CE000A807F /* ViewModels */ = {
			isa = PBXGroup;
			children = (
				F34732741E2FFC76007EA9DE /* JobDetailViewModel.swift */,
				F3554CA31E2D846F0077A780 /* PostViewModel.swift */,
				F34732551E2EA683007EA9DE /* HomeViewModel.swift */,
				F347325C1E2EEFF4007EA9DE /* FeedViewModel.swift */,
				F34732861E3037F5007EA9DE /* ChatViewModel.swift */,
				F347328B1E3057DA007EA9DE /* CommunityViewModel.swift */,
			);
			name = ViewModels;
			sourceTree = "<group>";
		};
		F30BBC5E1E2C290B000A807F /* Backend */ = {
			isa = PBXGroup;
			children = (
				F3928A121E2C33B200CC6D38 /* Reference.swift */,
				F3039E6D1E2CA3ED006A6BD9 /* User.swift */,
				F3554CAF1E2DA9190077A780 /* Utils.swift */,
			);
			name = Backend;
			sourceTree = "<group>";
		};
		F34732571E2EE4D4007EA9DE /* Feed */ = {
			isa = PBXGroup;
			children = (
				F34732581E2EE518007EA9DE /* FeedViewController.swift */,
				F34732761E2FFC97007EA9DE /* FeedTableViewCell.swift */,
			);
			name = Feed;
			sourceTree = "<group>";
		};
		F34732611E2EF780007EA9DE /* JobDetail */ = {
			isa = PBXGroup;
			children = (
				F34732621E2EF79B007EA9DE /* JobDetailViewController.swift */,
				F34732641E2EFE6E007EA9DE /* DetailJobIDCell.swift */,
				F34732661E2EFE97007EA9DE /* DetailJobTitleCell.swift */,
				F34732681E2EFECE007EA9DE /* DetailJobDescriptionCell.swift */,
				F347326A1E2EFEF4007EA9DE /* DetailJobInfoCell.swift */,
				F347326C1E2EFF14007EA9DE /* DetailJobAttachCell.swift */,
				F347326E1E2F1023007EA9DE /* DetailJobBidCell.swift */,
				F347327C1E301901007EA9DE /* DetailJobBidderCell.swift */,
			);
			name = JobDetail;
			sourceTree = "<group>";
		};
		F34732831E3035F4007EA9DE /* Chat */ = {
			isa = PBXGroup;
			children = (
				F34732841E30362A007EA9DE /* ChatViewController.swift */,
			);
			name = Chat;
			sourceTree = "<group>";
		};
		F34732881E30567B007EA9DE /* Community */ = {
			isa = PBXGroup;
			children = (
				F34732891E30569C007EA9DE /* CommunityViewController.swift */,
				F347328D1E305BD4007EA9DE /* CommunityTableViewCell.swift */,
			);
			name = Community;
			sourceTree = "<group>";
		};
		F3554C9F1E2D84150077A780 /* Post */ = {
			isa = PBXGroup;
			children = (
				F3554CA01E2D843C0077A780 /* PostViewController.swift */,
				F3554CA51E2D897F0077A780 /* PostJobTitleCell.swift */,
				F3554CA71E2D8B0C0077A780 /* PostJobDescriptionCell.swift */,
				F3554CA91E2DA0850077A780 /* PostJobCategoryCell.swift */,
				F3554CAB1E2DA0A50077A780 /* PostJobDeliveryTimeCell.swift */,
				F3554CAD1E2DA0C70077A780 /* PostJobAttachCell.swift */,
				F34732531E2EA02E007EA9DE /* PostJobPriceCell.swift */,
			);
			name = Post;
			sourceTree = "<group>";
		};
		F3A6EF121E2B44C100A24473 = {
			isa = PBXGroup;
			children = (
				F3A6EF1D1E2B44C100A24473 /* Stitched App */,
				F3A6EF1C1E2B44C100A24473 /* Products */,
				16C60B587B871A8158895576 /* Pods */,
				544DAA736954640B0348F439 /* Frameworks */,
			);
			sourceTree = "<group>";
		};
		F3A6EF1C1E2B44C100A24473 /* Products */ = {
			isa = PBXGroup;
			children = (
				F3A6EF1B1E2B44C100A24473 /* Stitched App.app */,
			);
			name = Products;
			sourceTree = "<group>";
		};
		F3A6EF1D1E2B44C100A24473 /* Stitched App */ = {
			isa = PBXGroup;
			children = (
				F3A6EF401E2B6DF700A24473 /* UICustomize */,
				F30BBC5C1E2C28CE000A807F /* ViewModels */,
				F30BBC5E1E2C290B000A807F /* Backend */,
				F3A6EF301E2B4B5100A24473 /* ViewControllers */,
				F3A6EF311E2B4B6500A24473 /* Storyboards */,
				F3A6EF1E1E2B44C100A24473 /* AppDelegate.swift */,
				F3A6EF251E2B44C100A24473 /* Assets.xcassets */,
				F3A6EF271E2B44C100A24473 /* LaunchScreen.storyboard */,
				F3A6EF2A1E2B44C100A24473 /* Info.plist */,
				F30BBC5A1E2C2827000A807F /* GoogleService-Info.plist */,
			);
			path = "Stitched App";
			sourceTree = "<group>";
		};
		F3A6EF301E2B4B5100A24473 /* ViewControllers */ = {
			isa = PBXGroup;
			children = (
				F34732881E30567B007EA9DE /* Community */,
				F34732831E3035F4007EA9DE /* Chat */,
				F34732611E2EF780007EA9DE /* JobDetail */,
				F34732571E2EE4D4007EA9DE /* Feed */,
				F3554C9F1E2D84150077A780 /* Post */,
				F30BBC431E2C1B27000A807F /* Home */,
				F3039E6F1E2CCF1F006A6BD9 /* Profile */,
				F3A6EF351E2B5AC000A24473 /* LoginSignup */,
				F30BBC551E2C22EC000A807F /* MainTab */,
			);
			name = ViewControllers;
			sourceTree = "<group>";
		};
		F3A6EF311E2B4B6500A24473 /* Storyboards */ = {
			isa = PBXGroup;
			children = (
				F3A6EF221E2B44C100A24473 /* Main.storyboard */,
				F30BBC441E2C1B5E000A807F /* Home.storyboard */,
				F30BBC491E2C1C6D000A807F /* Post.storyboard */,
				F30BBC4C1E2C1C85000A807F /* Feed.storyboard */,
				F30BBC4F1E2C1CAE000A807F /* Communicate.storyboard */,
				F34732801E303482007EA9DE /* Chat.storyboard */,
				F30BBC521E2C1CBB000A807F /* Profile.storyboard */,
				F347325E1E2EF69A007EA9DE /* JobDetail.storyboard */,
			);
			name = Storyboards;
			sourceTree = "<group>";
		};
		F3A6EF351E2B5AC000A24473 /* LoginSignup */ = {
			isa = PBXGroup;
			children = (
				F3A6EF3B1E2B6BCD00A24473 /* NavLoginViewController.swift */,
				F3A6EF3A1E2B6BCD00A24473 /* LoginViewController.swift */,
				F3A6EF3C1E2B6BCD00A24473 /* SignupViewController.swift */,
			);
			name = LoginSignup;
			sourceTree = "<group>";
		};
		F3A6EF401E2B6DF700A24473 /* UICustomize */ = {
			isa = PBXGroup;
			children = (
				F3A6EF441E2B702900A24473 /* ProfileTextField */,
				F3A6EF411E2B6E1100A24473 /* BorderLineButton */,
			);
			name = UICustomize;
			sourceTree = "<group>";
		};
		F3A6EF411E2B6E1100A24473 /* BorderLineButton */ = {
			isa = PBXGroup;
			children = (
				F3A6EF421E2B6E6A00A24473 /* BorderLineButton.swift */,
			);
			name = BorderLineButton;
			sourceTree = "<group>";
		};
		F3A6EF441E2B702900A24473 /* ProfileTextField */ = {
			isa = PBXGroup;
			children = (
				F3A6EF451E2B708A00A24473 /* ProfileTextField.swift */,
			);
			name = ProfileTextField;
			sourceTree = "<group>";
		};
/* End PBXGroup section */

/* Begin PBXNativeTarget section */
		F3A6EF1A1E2B44C100A24473 /* Stitched App */ = {
			isa = PBXNativeTarget;
			buildConfigurationList = F3A6EF2D1E2B44C100A24473 /* Build configuration list for PBXNativeTarget "Stitched App" */;
			buildPhases = (
				72C0E8EE3F7C97D80452BF60 /* [CP] Check Pods Manifest.lock */,
				F3A6EF171E2B44C100A24473 /* Sources */,
				F3A6EF181E2B44C100A24473 /* Frameworks */,
				F3A6EF191E2B44C100A24473 /* Resources */,
				5FC76C84F6DC1F102B0A1CD1 /* [CP] Embed Pods Frameworks */,
				EA2C3CFD74DC46A01C80FA82 /* [CP] Copy Pods Resources */,
			);
			buildRules = (
			);
			dependencies = (
			);
			name = "Stitched App";
			productName = "Stitched App";
			productReference = F3A6EF1B1E2B44C100A24473 /* Stitched App.app */;
			productType = "com.apple.product-type.application";
		};
/* End PBXNativeTarget section */

/* Begin PBXProject section */
		F3A6EF131E2B44C100A24473 /* Project object */ = {
			isa = PBXProject;
			attributes = {
				LastSwiftUpdateCheck = 0820;
				LastUpgradeCheck = 0820;
				ORGANIZATIONNAME = Com;
				TargetAttributes = {
					F3A6EF1A1E2B44C100A24473 = {
						CreatedOnToolsVersion = 8.2.1;
						ProvisioningStyle = Manual;
					};
				};
			};
			buildConfigurationList = F3A6EF161E2B44C100A24473 /* Build configuration list for PBXProject "Stitched App" */;
			compatibilityVersion = "Xcode 3.2";
			developmentRegion = English;
			hasScannedForEncodings = 0;
			knownRegions = (
				en,
				Base,
			);
			mainGroup = F3A6EF121E2B44C100A24473;
			productRefGroup = F3A6EF1C1E2B44C100A24473 /* Products */;
			projectDirPath = "";
			projectRoot = "";
			targets = (
				F3A6EF1A1E2B44C100A24473 /* Stitched App */,
			);
		};
/* End PBXProject section */

/* Begin PBXResourcesBuildPhase section */
		F3A6EF191E2B44C100A24473 /* Resources */ = {
			isa = PBXResourcesBuildPhase;
			buildActionMask = 2147483647;
			files = (
				F3A6EF291E2B44C100A24473 /* LaunchScreen.storyboard in Resources */,
				F34732821E303482007EA9DE /* Chat.storyboard in Resources */,
				F30BBC511E2C1CAE000A807F /* Communicate.storyboard in Resources */,
				F30BBC5B1E2C2827000A807F /* GoogleService-Info.plist in Resources */,
				F30BBC541E2C1CBB000A807F /* Profile.storyboard in Resources */,
				F3A6EF261E2B44C100A24473 /* Assets.xcassets in Resources */,
				F30BBC4E1E2C1C85000A807F /* Feed.storyboard in Resources */,
				F3A6EF241E2B44C100A24473 /* Main.storyboard in Resources */,
				F34732601E2EF69A007EA9DE /* JobDetail.storyboard in Resources */,
				F30BBC4B1E2C1C6D000A807F /* Post.storyboard in Resources */,
				F30BBC461E2C1B5E000A807F /* Home.storyboard in Resources */,
			);
			runOnlyForDeploymentPostprocessing = 0;
		};
/* End PBXResourcesBuildPhase section */

/* Begin PBXShellScriptBuildPhase section */
		5FC76C84F6DC1F102B0A1CD1 /* [CP] Embed Pods Frameworks */ = {
			isa = PBXShellScriptBuildPhase;
			buildActionMask = 2147483647;
			files = (
			);
			inputPaths = (
			);
			name = "[CP] Embed Pods Frameworks";
			outputPaths = (
			);
			runOnlyForDeploymentPostprocessing = 0;
			shellPath = /bin/sh;
			shellScript = "\"${SRCROOT}/Pods/Target Support Files/Pods-Stitched App/Pods-Stitched App-frameworks.sh\"\n";
			showEnvVarsInLog = 0;
		};
		72C0E8EE3F7C97D80452BF60 /* [CP] Check Pods Manifest.lock */ = {
			isa = PBXShellScriptBuildPhase;
			buildActionMask = 2147483647;
			files = (
			);
			inputPaths = (
			);
			name = "[CP] Check Pods Manifest.lock";
			outputPaths = (
			);
			runOnlyForDeploymentPostprocessing = 0;
			shellPath = /bin/sh;
			shellScript = "diff \"${PODS_ROOT}/../Podfile.lock\" \"${PODS_ROOT}/Manifest.lock\" > /dev/null\nif [ $? != 0 ] ; then\n    # print error to STDERR\n    echo \"error: The sandbox is not in sync with the Podfile.lock. Run 'pod install' or update your CocoaPods installation.\" >&2\n    exit 1\nfi\n";
			showEnvVarsInLog = 0;
		};
		EA2C3CFD74DC46A01C80FA82 /* [CP] Copy Pods Resources */ = {
			isa = PBXShellScriptBuildPhase;
			buildActionMask = 2147483647;
			files = (
			);
			inputPaths = (
			);
			name = "[CP] Copy Pods Resources";
			outputPaths = (
			);
			runOnlyForDeploymentPostprocessing = 0;
			shellPath = /bin/sh;
			shellScript = "\"${SRCROOT}/Pods/Target Support Files/Pods-Stitched App/Pods-Stitched App-resources.sh\"\n";
			showEnvVarsInLog = 0;
		};
/* End PBXShellScriptBuildPhase section */

/* Begin PBXSourcesBuildPhase section */
		F3A6EF171E2B44C100A24473 /* Sources */ = {
			isa = PBXSourcesBuildPhase;
			buildActionMask = 2147483647;
			files = (
				F34732651E2EFE6E007EA9DE /* DetailJobIDCell.swift in Sources */,
				F3928A131E2C33B200CC6D38 /* Reference.swift in Sources */,
				F347328C1E3057DA007EA9DE /* CommunityViewModel.swift in Sources */,
				F347328E1E305BD4007EA9DE /* CommunityTableViewCell.swift in Sources */,
				F3A6EF3D1E2B6BCD00A24473 /* LoginViewController.swift in Sources */,
				F3A6EF431E2B6E6A00A24473 /* BorderLineButton.swift in Sources */,
				F347326F1E2F1023007EA9DE /* DetailJobBidCell.swift in Sources */,
				F3554CA11E2D843C0077A780 /* PostViewController.swift in Sources */,
				F34732751E2FFC76007EA9DE /* JobDetailViewModel.swift in Sources */,
				F34732521E2E9C56007EA9DE /* HomeCollectionPostCell.swift in Sources */,
				F3A6EF1F1E2B44C100A24473 /* AppDelegate.swift in Sources */,
				F34732771E2FFC97007EA9DE /* FeedTableViewCell.swift in Sources */,
				F34732501E2E9C2E007EA9DE /* HomeColletionHeaderCell.swift in Sources */,
				F3A6EF3F1E2B6BCD00A24473 /* SignupViewController.swift in Sources */,
				F34732631E2EF79B007EA9DE /* JobDetailViewController.swift in Sources */,
				F34732871E3037F5007EA9DE /* ChatViewModel.swift in Sources */,
				F34732541E2EA02E007EA9DE /* PostJobPriceCell.swift in Sources */,
				F347326B1E2EFEF4007EA9DE /* DetailJobInfoCell.swift in Sources */,
				F3A6EF3E1E2B6BCD00A24473 /* NavLoginViewController.swift in Sources */,
				F3039E711E2CCF44006A6BD9 /* ProfileViewController.swift in Sources */,
				F3554CAC1E2DA0A50077A780 /* PostJobDeliveryTimeCell.swift in Sources */,
				F3554CA61E2D897F0077A780 /* PostJobTitleCell.swift in Sources */,
				F3554CA41E2D846F0077A780 /* PostViewModel.swift in Sources */,
				F30BBC571E2C2321000A807F /* ClientTabViewController.swift in Sources */,
				F30BBC481E2C1B8B000A807F /* HomeViewController.swift in Sources */,
				F347325D1E2EEFF4007EA9DE /* FeedViewModel.swift in Sources */,
				F347326D1E2EFF14007EA9DE /* DetailJobAttachCell.swift in Sources */,
				F3554CA81E2D8B0C0077A780 /* PostJobDescriptionCell.swift in Sources */,
				F3554CAA1E2DA0850077A780 /* PostJobCategoryCell.swift in Sources */,
				F3554CB01E2DA9190077A780 /* Utils.swift in Sources */,
				F347328A1E30569C007EA9DE /* CommunityViewController.swift in Sources */,
				F34732561E2EA683007EA9DE /* HomeViewModel.swift in Sources */,
				F3A6EF461E2B708A00A24473 /* ProfileTextField.swift in Sources */,
				F347327F1E30318F007EA9DE /* NavProfileViewController.swift in Sources */,
				F34732851E30362A007EA9DE /* ChatViewController.swift in Sources */,
				F34732671E2EFE97007EA9DE /* DetailJobTitleCell.swift in Sources */,
				F34732691E2EFECE007EA9DE /* DetailJobDescriptionCell.swift in Sources */,
				F30BBC591E2C2344000A807F /* VendorTabViewController.swift in Sources */,
				F347327D1E301901007EA9DE /* DetailJobBidderCell.swift in Sources */,
				F34732591E2EE518007EA9DE /* FeedViewController.swift in Sources */,
				F3554CAE1E2DA0C70077A780 /* PostJobAttachCell.swift in Sources */,
				F3039E6E1E2CA3ED006A6BD9 /* User.swift in Sources */,
			);
			runOnlyForDeploymentPostprocessing = 0;
		};
/* End PBXSourcesBuildPhase section */

/* Begin PBXVariantGroup section */
		F30BBC441E2C1B5E000A807F /* Home.storyboard */ = {
			isa = PBXVariantGroup;
			children = (
				F30BBC451E2C1B5E000A807F /* Base */,
			);
			name = Home.storyboard;
			sourceTree = "<group>";
		};
		F30BBC491E2C1C6D000A807F /* Post.storyboard */ = {
			isa = PBXVariantGroup;
			children = (
				F30BBC4A1E2C1C6D000A807F /* Base */,
			);
			name = Post.storyboard;
			sourceTree = "<group>";
		};
		F30BBC4C1E2C1C85000A807F /* Feed.storyboard */ = {
			isa = PBXVariantGroup;
			children = (
				F30BBC4D1E2C1C85000A807F /* Base */,
			);
			name = Feed.storyboard;
			sourceTree = "<group>";
		};
		F30BBC4F1E2C1CAE000A807F /* Communicate.storyboard */ = {
			isa = PBXVariantGroup;
			children = (
				F30BBC501E2C1CAE000A807F /* Base */,
			);
			name = Communicate.storyboard;
			sourceTree = "<group>";
		};
		F30BBC521E2C1CBB000A807F /* Profile.storyboard */ = {
			isa = PBXVariantGroup;
			children = (
				F30BBC531E2C1CBB000A807F /* Base */,
			);
			name = Profile.storyboard;
			sourceTree = "<group>";
		};
		F347325E1E2EF69A007EA9DE /* JobDetail.storyboard */ = {
			isa = PBXVariantGroup;
			children = (
				F347325F1E2EF69A007EA9DE /* Base */,
			);
			name = JobDetail.storyboard;
			sourceTree = "<group>";
		};
		F34732801E303482007EA9DE /* Chat.storyboard */ = {
			isa = PBXVariantGroup;
			children = (
				F34732811E303482007EA9DE /* Base */,
			);
			name = Chat.storyboard;
			sourceTree = "<group>";
		};
		F3A6EF221E2B44C100A24473 /* Main.storyboard */ = {
			isa = PBXVariantGroup;
			children = (
				F3A6EF231E2B44C100A24473 /* Base */,
			);
			name = Main.storyboard;
			sourceTree = "<group>";
		};
		F3A6EF271E2B44C100A24473 /* LaunchScreen.storyboard */ = {
			isa = PBXVariantGroup;
			children = (
				F3A6EF281E2B44C100A24473 /* Base */,
			);
			name = LaunchScreen.storyboard;
			sourceTree = "<group>";
		};
/* End PBXVariantGroup section */

/* Begin XCBuildConfiguration section */
		F3A6EF2B1E2B44C100A24473 /* Debug */ = {
			isa = XCBuildConfiguration;
			buildSettings = {
				ALWAYS_SEARCH_USER_PATHS = NO;
				CLANG_ANALYZER_NONNULL = YES;
				CLANG_CXX_LANGUAGE_STANDARD = "gnu++0x";
				CLANG_CXX_LIBRARY = "libc++";
				CLANG_ENABLE_MODULES = YES;
				CLANG_ENABLE_OBJC_ARC = YES;
				CLANG_WARN_BOOL_CONVERSION = YES;
				CLANG_WARN_CONSTANT_CONVERSION = YES;
				CLANG_WARN_DIRECT_OBJC_ISA_USAGE = YES_ERROR;
				CLANG_WARN_DOCUMENTATION_COMMENTS = YES;
				CLANG_WARN_EMPTY_BODY = YES;
				CLANG_WARN_ENUM_CONVERSION = YES;
				CLANG_WARN_INFINITE_RECURSION = YES;
				CLANG_WARN_INT_CONVERSION = YES;
				CLANG_WARN_OBJC_ROOT_CLASS = YES_ERROR;
				CLANG_WARN_SUSPICIOUS_MOVE = YES;
				CLANG_WARN_UNREACHABLE_CODE = YES;
				CLANG_WARN__DUPLICATE_METHOD_MATCH = YES;
				"CODE_SIGN_IDENTITY[sdk=iphoneos*]" = "iPhone Developer";
				COPY_PHASE_STRIP = NO;
				DEBUG_INFORMATION_FORMAT = dwarf;
				ENABLE_STRICT_OBJC_MSGSEND = YES;
				ENABLE_TESTABILITY = YES;
				GCC_C_LANGUAGE_STANDARD = gnu99;
				GCC_DYNAMIC_NO_PIC = NO;
				GCC_NO_COMMON_BLOCKS = YES;
				GCC_OPTIMIZATION_LEVEL = 0;
				GCC_PREPROCESSOR_DEFINITIONS = (
					"DEBUG=1",
					"$(inherited)",
				);
				GCC_WARN_64_TO_32_BIT_CONVERSION = YES;
				GCC_WARN_ABOUT_RETURN_TYPE = YES_ERROR;
				GCC_WARN_UNDECLARED_SELECTOR = YES;
				GCC_WARN_UNINITIALIZED_AUTOS = YES_AGGRESSIVE;
				GCC_WARN_UNUSED_FUNCTION = YES;
				GCC_WARN_UNUSED_VARIABLE = YES;
				IPHONEOS_DEPLOYMENT_TARGET = 10.2;
				MTL_ENABLE_DEBUG_INFO = YES;
				ONLY_ACTIVE_ARCH = YES;
				SDKROOT = iphoneos;
				SWIFT_ACTIVE_COMPILATION_CONDITIONS = DEBUG;
				SWIFT_OPTIMIZATION_LEVEL = "-Onone";
			};
			name = Debug;
		};
		F3A6EF2C1E2B44C100A24473 /* Release */ = {
			isa = XCBuildConfiguration;
			buildSettings = {
				ALWAYS_SEARCH_USER_PATHS = NO;
				CLANG_ANALYZER_NONNULL = YES;
				CLANG_CXX_LANGUAGE_STANDARD = "gnu++0x";
				CLANG_CXX_LIBRARY = "libc++";
				CLANG_ENABLE_MODULES = YES;
				CLANG_ENABLE_OBJC_ARC = YES;
				CLANG_WARN_BOOL_CONVERSION = YES;
				CLANG_WARN_CONSTANT_CONVERSION = YES;
				CLANG_WARN_DIRECT_OBJC_ISA_USAGE = YES_ERROR;
				CLANG_WARN_DOCUMENTATION_COMMENTS = YES;
				CLANG_WARN_EMPTY_BODY = YES;
				CLANG_WARN_ENUM_CONVERSION = YES;
				CLANG_WARN_INFINITE_RECURSION = YES;
				CLANG_WARN_INT_CONVERSION = YES;
				CLANG_WARN_OBJC_ROOT_CLASS = YES_ERROR;
				CLANG_WARN_SUSPICIOUS_MOVE = YES;
				CLANG_WARN_UNREACHABLE_CODE = YES;
				CLANG_WARN__DUPLICATE_METHOD_MATCH = YES;
				"CODE_SIGN_IDENTITY[sdk=iphoneos*]" = "iPhone Developer";
				COPY_PHASE_STRIP = NO;
				DEBUG_INFORMATION_FORMAT = "dwarf-with-dsym";
				ENABLE_NS_ASSERTIONS = NO;
				ENABLE_STRICT_OBJC_MSGSEND = YES;
				GCC_C_LANGUAGE_STANDARD = gnu99;
				GCC_NO_COMMON_BLOCKS = YES;
				GCC_WARN_64_TO_32_BIT_CONVERSION = YES;
				GCC_WARN_ABOUT_RETURN_TYPE = YES_ERROR;
				GCC_WARN_UNDECLARED_SELECTOR = YES;
				GCC_WARN_UNINITIALIZED_AUTOS = YES_AGGRESSIVE;
				GCC_WARN_UNUSED_FUNCTION = YES;
				GCC_WARN_UNUSED_VARIABLE = YES;
				IPHONEOS_DEPLOYMENT_TARGET = 10.2;
				MTL_ENABLE_DEBUG_INFO = NO;
				SDKROOT = iphoneos;
				SWIFT_OPTIMIZATION_LEVEL = "-Owholemodule";
				VALIDATE_PRODUCT = YES;
			};
			name = Release;
		};
		F3A6EF2E1E2B44C100A24473 /* Debug */ = {
			isa = XCBuildConfiguration;
			baseConfigurationReference = A251CD2C50D6FEB50EAC2BFE /* Pods-Stitched App.debug.xcconfig */;
			buildSettings = {
				ASSETCATALOG_COMPILER_APPICON_NAME = AppIcon;
				CODE_SIGN_IDENTITY = "iPhone Developer: Bai Jin Zhin (FU9SD2G4V7)";
				DEVELOPMENT_TEAM = "";
				INFOPLIST_FILE = "Stitched App/Info.plist";
				IPHONEOS_DEPLOYMENT_TARGET = 10.0;
				LD_RUNPATH_SEARCH_PATHS = "$(inherited) @executable_path/Frameworks";
				PRODUCT_BUNDLE_IDENTIFIER = "com.Stitched-App";
				PRODUCT_NAME = "$(TARGET_NAME)";
				PROVISIONING_PROFILE = "1509eb80-8f56-4eec-8872-5c9fe51e6e8c";
				PROVISIONING_PROFILE_SPECIFIER = "Dev Provision";
				SWIFT_VERSION = 3.0;
			};
			name = Debug;
		};
		F3A6EF2F1E2B44C100A24473 /* Release */ = {
			isa = XCBuildConfiguration;
			baseConfigurationReference = C18BA26D8597533CCB21870E /* Pods-Stitched App.release.xcconfig */;
			buildSettings = {
				ASSETCATALOG_COMPILER_APPICON_NAME = AppIcon;
				CODE_SIGN_IDENTITY = "iPhone Developer: Bai Jin Zhin (FU9SD2G4V7)";
				DEVELOPMENT_TEAM = "";
				INFOPLIST_FILE = "Stitched App/Info.plist";
				IPHONEOS_DEPLOYMENT_TARGET = 10.0;
				LD_RUNPATH_SEARCH_PATHS = "$(inherited) @executable_path/Frameworks";
				PRODUCT_BUNDLE_IDENTIFIER = "com.Stitched-App";
				PRODUCT_NAME = "$(TARGET_NAME)";
				PROVISIONING_PROFILE = "1509eb80-8f56-4eec-8872-5c9fe51e6e8c";
				PROVISIONING_PROFILE_SPECIFIER = "Dev Provision";
				SWIFT_VERSION = 3.0;
			};
			name = Release;
		};
/* End XCBuildConfiguration section */

/* Begin XCConfigurationList section */
		F3A6EF161E2B44C100A24473 /* Build configuration list for PBXProject "Stitched App" */ = {
			isa = XCConfigurationList;
			buildConfigurations = (
				F3A6EF2B1E2B44C100A24473 /* Debug */,
				F3A6EF2C1E2B44C100A24473 /* Release */,
			);
			defaultConfigurationIsVisible = 0;
			defaultConfigurationName = Release;
		};
		F3A6EF2D1E2B44C100A24473 /* Build configuration list for PBXNativeTarget "Stitched App" */ = {
			isa = XCConfigurationList;
			buildConfigurations = (
				F3A6EF2E1E2B44C100A24473 /* Debug */,
				F3A6EF2F1E2B44C100A24473 /* Release */,
			);
			defaultConfigurationIsVisible = 0;
			defaultConfigurationName = Release;
		};
/* End XCConfigurationList section */
	};
	rootObject = F3A6EF131E2B44C100A24473 /* Project object */;
}
